
Microsoft Visual Studio Solution File, Format Version 12.00
# Visual Studio Version 17
VisualStudioVersion = 17.10.35013.160
MinimumVisualStudioVersion = 10.0.40219.1
Project("{9A19103F-16F7-4668-BE54-9A1E7A4F7556}") = "REST-Template", "REST-Template\REST-Template.csproj", "{DF52F761-0A03-4A48-9EDA-638831F48469}"
EndProject
Project("{FAE04EC0-301F-11D3-BF4B-00C04F79EFBC}") = "Tests", "Tests\Tests.csproj", "{59643875-4C30-47FD-912D-41344FA78560}"
EndProject
Global
	GlobalSection(SolutionConfigurationPlatforms) = preSolution
		Debug|Any CPU = Debug|Any CPU
		Release|Any CPU = Release|Any CPU
	EndGlobalSection
	GlobalSection(ProjectConfigurationPlatforms) = postSolution
		{DF52F761-0A03-4A48-9EDA-638831F48469}.Debug|Any CPU.ActiveCfg = Debug|Any CPU
		{DF52F761-0A03-4A48-9EDA-638831F48469}.Debug|Any CPU.Build.0 = Debug|Any CPU
		{DF52F761-0A03-4A48-9EDA-638831F48469}.Release|Any CPU.ActiveCfg = Release|Any CPU
		{DF52F761-0A03-4A48-9EDA-638831F48469}.Release|Any CPU.Build.0 = Release|Any CPU
		{59643875-4C30-47FD-912D-41344FA78560}.Debug|Any CPU.ActiveCfg = Debug|Any CPU
		{59643875-4C30-47FD-912D-41344FA78560}.Debug|Any CPU.Build.0 = Debug|Any CPU
		{59643875-4C30-47FD-912D-41344FA78560}.Release|Any CPU.ActiveCfg = Release|Any CPU
		{59643875-4C30-47FD-912D-41344FA78560}.Release|Any CPU.Build.0 = Release|Any CPU
	EndGlobalSection
	GlobalSection(SolutionProperties) = preSolution
		HideSolutionNode = FALSE
	EndGlobalSection
	GlobalSection(ExtensibilityGlobals) = postSolution
		SolutionGuid = {98BD0DC9-DB50-4C5E-B8CE-F535D7AF03F2}
	EndGlobalSection
EndGlobal
